{
  "name": "ShittimChestUI",
  "lockfileVersion": 3,
  "requires": true,
  "packages": {
    "": {
      "dependencies": {
        "@esotericsoftware/spine-core": "^4.3.13",
        "@esotericsoftware/spine-player": "^4.3.13",
        "@esotericsoftware/spine-webgl": "^4.3.13"
      }
    },
    "node_modules/@esotericsoftware/spine-core": {
      "version": "4.3.13",
      "resolved": "https://registry.npmjs.org/@esotericsoftware/spine-core/-/spine-core-4.3.13.tgz",
      "integrity": "sha512-iGs/40qOWSQYicABebDzFSwFOS1Nsm0dCCS8sGqbpVuThRKdLYeI1cVJpmATSpEmtcetEABTmh97NoBnt7XLDw==",
      "license": "LicenseRef-LICENSE"
    },
    "node_modules/@esotericsoftware/spine-player": {
      "version": "4.3.13",
      "resolved": "https://registry.npmjs.org/@esotericsoftware/spine-player/-/spine-player-4.3.13.tgz",
      "integrity": "sha512-fPSb+Ha4wyQJ3TDCicdA3W3P95bFWk1c25ad3naaz1xmDuRVuqbx3yb060lKwDvyDVhuWoyN219GvYAmakfBlw==",
      "license": "LicenseRef-LICENSE",
      "dependencies": {
        "@esotericsoftware/spine-webgl": "4.3.13"
      }
    },
    "node_modules/@esotericsoftware/spine-webgl": {
      "version": "4.3.13",
      "resolved": "https://registry.npmjs.org/@esotericsoftware/spine-webgl/-/spine-webgl-4.3.13.tgz",
      "integrity": "sha512-VdMtDU03HcoUfLlt0FXBzSvh53nLS7Hej0ibJ3kCuDf5hftAsDAiwZhhS6Ze+5nDCGrkNzPmssZcT+96FoOjIQ==",
      "license": "LicenseRef-LICENSE",
      "dependencies": {
        "@esotericsoftware/spine-core": "4.3.13"
      }
    }
  }
}
